// !$*UTF8*$!
{
	archiveVersion = 1;
	classes = {
	};
	objectVersion = 55;
	objects = {

/* Begin PBXBuildFile section */
		992AFA7929504B820019BF89 /* Tests_iOS.swift in Sources */ = {isa = PBXBuildFile; fileRef = 992AFA7829504B820019BF89 /* Tests_iOS.swift */; };
		992AFA7B29504B820019BF89 /* Tests_iOSLaunchTests.swift in Sources */ = {isa = PBXBuildFile; fileRef = 992AFA7A29504B820019BF89 /* Tests_iOSLaunchTests.swift */; };
		992AFA8529504B820019BF89 /* Tests_macOS.swift in Sources */ = {isa = PBXBuildFile; fileRef = 992AFA8429504B820019BF89 /* Tests_macOS.swift */; };
		992AFA8729504B820019BF89 /* Tests_macOSLaunchTests.swift in Sources */ = {isa = PBXBuildFile; fileRef = 992AFA8629504B820019BF89 /* Tests_macOSLaunchTests.swift */; };
		992AFA8829504B820019BF89 /* PicFlixApp.swift in Sources */ = {isa = PBXBuildFile; fileRef = 992AFA6029504B800019BF89 /* PicFlixApp.swift */; };
		992AFA8929504B820019BF89 /* PicFlixApp.swift in Sources */ = {isa = PBXBuildFile; fileRef = 992AFA6029504B800019BF89 /* PicFlixApp.swift */; };
		992AFA8A29504B820019BF89 /* ContentView.swift in Sources */ = {isa = PBXBuildFile; fileRef = 992AFA6129504B800019BF89 /* ContentView.swift */; };
		992AFA8B29504B820019BF89 /* ContentView.swift in Sources */ = {isa = PBXBuildFile; fileRef = 992AFA6129504B800019BF89 /* ContentView.swift */; };
		992AFA8C29504B820019BF89 /* Assets.xcassets in Resources */ = {isa = PBXBuildFile; fileRef = 992AFA6229504B820019BF89 /* Assets.xcassets */; };
		992AFA8D29504B820019BF89 /* Assets.xcassets in Resources */ = {isa = PBXBuildFile; fileRef = 992AFA6229504B820019BF89 /* Assets.xcassets */; };
/* End PBXBuildFile section */

/* Begin PBXContainerItemProxy section */
		992AFA7529504B820019BF89 /* PBXContainerItemProxy */ = {
			isa = PBXContainerItemProxy;
			containerPortal = 992AFA5B29504B800019BF89 /* Project object */;
			proxyType = 1;
			remoteGlobalIDString = 992AFA6629504B820019BF89;
			remoteInfo = "PicFlix (iOS)";
		};
		992AFA8129504B820019BF89 /* PBXContainerItemProxy */ = {
			isa = PBXContainerItemProxy;
			containerPortal = 992AFA5B29504B800019BF89 /* Project object */;
			proxyType = 1;
			remoteGlobalIDString = 992AFA6C29504B820019BF89;
			remoteInfo = "PicFlix (macOS)";
		};
/* End PBXContainerItemProxy section */

/* Begin PBXFileReference section */
		992AFA6029504B800019BF89 /* PicFlixApp.swift */ = {isa = PBXFileReference; lastKnownFileType = sourcecode.swift; path = PicFlixApp.swift; sourceTree = "<group>"; };
		992AFA6129504B800019BF89 /* ContentView.swift */ = {isa = PBXFileReference; lastKnownFileType = sourcecode.swift; path = ContentView.swift; sourceTree = "<group>"; };
		992AFA6229504B820019BF89 /* Assets.xcassets */ = {isa = PBXFileReference; lastKnownFileType = folder.assetcatalog; path = Assets.xcassets; sourceTree = "<group>"; };
		992AFA6729504B820019BF89 /* PicFlix.app */ = {isa = PBXFileReference; explicitFileType = wrapper.application; includeInIndex = 0; path = PicFlix.app; sourceTree = BUILT_PRODUCTS_DIR; };
		992AFA6D29504B820019BF89 /* PicFlix.app */ = {isa = PBXFileReference; explicitFileType = wrapper.application; includeInIndex = 0; path = PicFlix.app; sourceTree = BUILT_PRODUCTS_DIR; };
		992AFA6F29504B820019BF89 /* macOS.entitlements */ = {isa = PBXFileReference; lastKnownFileType = text.plist.entitlements; path = macOS.entitlements; sourceTree = "<group>"; };
		992AFA7429504B820019BF89 /* Tests iOS.xctest */ = {isa = PBXFileReference; explicitFileType = wrapper.cfbundle; includeInIndex = 0; path = "Tests iOS.xctest"; sourceTree = BUILT_PRODUCTS_DIR; };
		992AFA7829504B820019BF89 /* Tests_iOS.swift */ = {isa = PBXFileReference; lastKnownFileType = sourcecode.swift; path = Tests_iOS.swift; sourceTree = "<group>"; };
		992AFA7A29504B820019BF89 /* Tests_iOSLaunchTests.swift */ = {isa = PBXFileReference; lastKnownFileType = sourcecode.swift; path = Tests_iOSLaunchTests.swift; sourceTree = "<group>"; };
		992AFA8029504B820019BF89 /* Tests macOS.xctest */ = {isa = PBXFileReference; explicitFileType = wrapper.cfbundle; includeInIndex = 0; path = "Tests macOS.xctest"; sourceTree = BUILT_PRODUCTS_DIR; };
		992AFA8429504B820019BF89 /* Tests_macOS.swift */ = {isa = PBXFileReference; lastKnownFileType = sourcecode.swift; path = Tests_macOS.swift; sourceTree = "<group>"; };
		992AFA8629504B820019BF89 /* Tests_macOSLaunchTests.swift */ = {isa = PBXFileReference; lastKnownFileType = sourcecode.swift; path = Tests_macOSLaunchTests.swift; sourceTree = "<group>"; };
/* End PBXFileReference section */

/* Begin PBXFrameworksBuildPhase section */
		992AFA6429504B820019BF89 /* Frameworks */ = {
			isa = PBXFrameworksBuildPhase;
			buildActionMask = 2147483647;
			files = (
			);
			runOnlyForDeploymentPostprocessing = 0;
		};
		992AFA6A29504B820019BF89 /* Frameworks */ = {
			isa = PBXFrameworksBuildPhase;
			buildActionMask = 2147483647;
			files = (
			);
			runOnlyForDeploymentPostprocessing = 0;
		};
		992AFA7129504B820019BF89 /* Frameworks */ = {
			isa = PBXFrameworksBuildPhase;
			buildActionMask = 2147483647;
			files = (
			);
			runOnlyForDeploymentPostprocessing = 0;
		};
		992AFA7D29504B820019BF89 /* Frameworks */ = {
			isa = PBXFrameworksBuildPhase;
			buildActionMask = 2147483647;
			files = (
			);
			runOnlyForDeploymentPostprocessing = 0;
		};
/* End PBXFrameworksBuildPhase section */

/* Begin PBXGroup section */
		992AFA5A29504B800019BF89 = {
			isa = PBXGroup;
			children = (
				992AFA5F29504B800019BF89 /* Shared */,
				992AFA6E29504B820019BF89 /* macOS */,
				992AFA7729504B820019BF89 /* Tests iOS */,
				992AFA8329504B820019BF89 /* Tests macOS */,
				992AFA6829504B820019BF89 /* Products */,
			);
			sourceTree = "<group>";
		};
		992AFA5F29504B800019BF89 /* Shared */ = {
			isa = PBXGroup;
			children = (
				992AFA6029504B800019BF89 /* PicFlixApp.swift */,
				992AFA6129504B800019BF89 /* ContentView.swift */,
				992AFA6229504B820019BF89 /* Assets.xcassets */,
			);
			path = Shared;
			sourceTree = "<group>";
		};
		992AFA6829504B820019BF89 /* Products */ = {
			isa = PBXGroup;
			children = (
				992AFA6729504B820019BF89 /* PicFlix.app */,
				992AFA6D29504B820019BF89 /* PicFlix.app */,
				992AFA7429504B820019BF89 /* Tests iOS.xctest */,
				992AFA8029504B820019BF89 /* Tests macOS.xctest */,
			);
			name = Products;
			sourceTree = "<group>";
		};
		992AFA6E29504B820019BF89 /* macOS */ = {
			isa = PBXGroup;
			children = (
				992AFA6F29504B820019BF89 /* macOS.entitlements */,
			);
			path = macOS;
			sourceTree = "<group>";
		};
		992AFA7729504B820019BF89 /* Tests iOS */ = {
			isa = PBXGroup;
			children = (
				992AFA7829504B820019BF89 /* Tests_iOS.swift */,
				992AFA7A29504B820019BF89 /* Tests_iOSLaunchTests.swift */,
			);
			path = "Tests iOS";
			sourceTree = "<group>";
		};
		992AFA8329504B820019BF89 /* Tests macOS */ = {
			isa = PBXGroup;
			children = (
				992AFA8429504B820019BF89 /* Tests_macOS.swift */,
				992AFA8629504B820019BF89 /* Tests_macOSLaunchTests.swift */,
			);
			path = "Tests macOS";
			sourceTree = "<group>";
		};
/* End PBXGroup section */

/* Begin PBXNativeTarget section */
		992AFA6629504B820019BF89 /* PicFlix (iOS) */ = {
			isa = PBXNativeTarget;
			buildConfigurationList = 992AFA9029504B820019BF89 /* Build configuration list for PBXNativeTarget "PicFlix (iOS)" */;
			buildPhases = (
				992AFA6329504B820019BF89 /* Sources */,
				992AFA6429504B820019BF89 /* Frameworks */,
				992AFA6529504B820019BF89 /* Resources */,
			);
			buildRules = (
			);
			dependencies = (
			);
			name = "PicFlix (iOS)";
			productName = "PicFlix (iOS)";
			productReference = 992AFA6729504B820019BF89 /* PicFlix.app */;
			productType = "com.apple.product-type.application";
		};
		992AFA6C29504B820019BF89 /* PicFlix (macOS) */ = {
			isa = PBXNativeTarget;
			buildConfigurationList = 992AFA9329504B820019BF89 /* Build configuration list for PBXNativeTarget "PicFlix (macOS)" */;
			buildPhases = (
				992AFA6929504B820019BF89 /* Sources */,
				992AFA6A29504B820019BF89 /* Frameworks */,
				992AFA6B29504B820019BF89 /* Resources */,
			);
			buildRules = (
			);
			dependencies = (
			);
			name = "PicFlix (macOS)";
			productName = "PicFlix (macOS)";
			productReference = 992AFA6D29504B820019BF89 /* PicFlix.app */;
			productType = "com.apple.product-type.application";
		};
		992AFA7329504B820019BF89 /* Tests iOS */ = {
			isa = PBXNativeTarget;
			buildConfigurationList = 992AFA9629504B820019BF89 /* Build configuration list for PBXNativeTarget "Tests iOS" */;
			buildPhases = (
				992AFA7029504B820019BF89 /* Sources */,
				992AFA7129504B820019BF89 /* Frameworks */,
				992AFA7229504B820019BF89 /* Resources */,
			);
			buildRules = (
			);
			dependencies = (
				992AFA7629504B820019BF89 /* PBXTargetDependency */,
			);
			name = "Tests iOS";
			productName = "Tests iOS";
			productReference = 992AFA7429504B820019BF89 /* Tests iOS.xctest */;
			productType = "com.apple.product-type.bundle.ui-testing";
		};
		992AFA7F29504B820019BF89 /* Tests macOS */ = {
			isa = PBXNativeTarget;
			buildConfigurationList = 992AFA9929504B820019BF89 /* Build configuration list for PBXNativeTarget "Tests macOS" */;
			buildPhases = (
				992AFA7C29504B820019BF89 /* Sources */,
				992AFA7D29504B820019BF89 /* Frameworks */,
				992AFA7E29504B820019BF89 /* Resources */,
			);
			buildRules = (
			);
			dependencies = (
				992AFA8229504B820019BF89 /* PBXTargetDependency */,
			);
			name = "Tests macOS";
			productName = "Tests macOS";
			productReference = 992AFA8029504B820019BF89 /* Tests macOS.xctest */;
			productType = "com.apple.product-type.bundle.ui-testing";
		};
/* End PBXNativeTarget section */

/* Begin PBXProject section */
		992AFA5B29504B800019BF89 /* Project object */ = {
			isa = PBXProject;
			attributes = {
				BuildIndependentTargetsInParallel = 1;
				LastSwiftUpdateCheck = 1340;
				LastUpgradeCheck = 1340;
				TargetAttributes = {
					992AFA6629504B820019BF89 = {
						CreatedOnToolsVersion = 13.4.1;
					};
					992AFA6C29504B820019BF89 = {
						CreatedOnToolsVersion = 13.4.1;
					};
					992AFA7329504B820019BF89 = {
						CreatedOnToolsVersion = 13.4.1;
						TestTargetID = 992AFA6629504B820019BF89;
					};
					992AFA7F29504B820019BF89 = {
						CreatedOnToolsVersion = 13.4.1;
						TestTargetID = 992AFA6C29504B820019BF89;
					};
				};
			};
			buildConfigurationList = 992AFA5E29504B800019BF89 /* Build configuration list for PBXProject "PicFlix" */;
			compatibilityVersion = "Xcode 13.0";
			developmentRegion = en;
			hasScannedForEncodings = 0;
			knownRegions = (
				en,
				Base,
			);
			mainGroup = 992AFA5A29504B800019BF89;
			productRefGroup = 992AFA6829504B820019BF89 /* Products */;
			projectDirPath = "";
			projectRoot = "";
			targets = (
				992AFA6629504B820019BF89 /* PicFlix (iOS) */,
				992AFA6C29504B820019BF89 /* PicFlix (macOS) */,
				992AFA7329504B820019BF89 /* Tests iOS */,
				992AFA7F29504B820019BF89 /* Tests macOS */,
			);
		};
/* End PBXProject section */

/* Begin PBXResourcesBuildPhase section */
		992AFA6529504B820019BF89 /* Resources */ = {
			isa = PBXResourcesBuildPhase;
			buildActionMask = 2147483647;
			files = (
				992AFA8C29504B820019BF89 /* Assets.xcassets in Resources */,
			);
			runOnlyForDeploymentPostprocessing = 0;
		};
		992AFA6B29504B820019BF89 /* Resources */ = {
			isa = PBXResourcesBuildPhase;
			buildActionMask = 2147483647;
			files = (
				992AFA8D29504B820019BF89 /* Assets.xcassets in Resources */,
			);
			runOnlyForDeploymentPostprocessing = 0;
		};
		992AFA7229504B820019BF89 /* Resources */ = {
			isa = PBXResourcesBuildPhase;
			buildActionMask = 2147483647;
			files = (
			);
			runOnlyForDeploymentPostprocessing = 0;
		};
		992AFA7E29504B820019BF89 /* Resources */ = {
			isa = PBXResourcesBuildPhase;
			buildActionMask = 2147483647;
			files = (
			);
			runOnlyForDeploymentPostprocessing = 0;
		};
/* End PBXResourcesBuildPhase section */

/* Begin PBXSourcesBuildPhase section */
		992AFA6329504B820019BF89 /* Sources */ = {
			isa = PBXSourcesBuildPhase;
			buildActionMask = 2147483647;
			files = (
				992AFA8A29504B820019BF89 /* ContentView.swift in Sources */,
				992AFA8829504B820019BF89 /* PicFlixApp.swift in Sources */,
			);
			runOnlyForDeploymentPostprocessing = 0;
		};
		992AFA6929504B820019BF89 /* Sources */ = {
			isa = PBXSourcesBuildPhase;
			buildActionMask = 2147483647;
			files = (
				992AFA8B29504B820019BF89 /* ContentView.swift in Sources */,
				992AFA8929504B820019BF89 /* PicFlixApp.swift in Sources */,
			);
			runOnlyForDeploymentPostprocessing = 0;
		};
		992AFA7029504B820019BF89 /* Sources */ = {
			isa = PBXSourcesBuildPhase;
			buildActionMask = 2147483647;
			files = (
				992AFA7B29504B820019BF89 /* Tests_iOSLaunchTests.swift in Sources */,
				992AFA7929504B820019BF89 /* Tests_iOS.swift in Sources */,
			);
			runOnlyForDeploymentPostprocessing = 0;
		};
		992AFA7C29504B820019BF89 /* Sources */ = {
			isa = PBXSourcesBuildPhase;
			buildActionMask = 2147483647;
			files = (
				992AFA8729504B820019BF89 /* Tests_macOSLaunchTests.swift in Sources */,
				992AFA8529504B820019BF89 /* Tests_macOS.swift in Sources */,
			);
			runOnlyForDeploymentPostprocessing = 0;
		};
/* End PBXSourcesBuildPhase section */

/* Begin PBXTargetDependency section */
		992AFA7629504B820019BF89 /* PBXTargetDependency */ = {
			isa = PBXTargetDependency;
			target = 992AFA6629504B820019BF89 /* PicFlix (iOS) */;
			targetProxy = 992AFA7529504B820019BF89 /* PBXContainerItemProxy */;
		};
		992AFA8229504B820019BF89 /* PBXTargetDependency */ = {
			isa = PBXTargetDependency;
			target = 992AFA6C29504B820019BF89 /* PicFlix (macOS) */;
			targetProxy = 992AFA8129504B820019BF89 /* PBXContainerItemProxy */;
		};
/* End PBXTargetDependency section */

/* Begin XCBuildConfiguration section */
		992AFA8E29504B820019BF89 /* Debug */ = {
			isa = XCBuildConfiguration;
			buildSettings = {
				ALWAYS_SEARCH_USER_PATHS = NO;
				CLANG_ANALYZER_NONNULL = YES;
				CLANG_ANALYZER_NUMBER_OBJECT_CONVERSION = YES_AGGRESSIVE;
				CLANG_CXX_LANGUAGE_STANDARD = "gnu++17";
				CLANG_ENABLE_MODULES = YES;
				CLANG_ENABLE_OBJC_ARC = YES;
				CLANG_ENABLE_OBJC_WEAK = YES;
				CLANG_WARN_BLOCK_CAPTURE_AUTORELEASING = YES;
				CLANG_WARN_BOOL_CONVERSION = YES;
				CLANG_WARN_COMMA = YES;
				CLANG_WARN_CONSTANT_CONVERSION = YES;
				CLANG_WARN_DEPRECATED_OBJC_IMPLEMENTATIONS = YES;
				CLANG_WARN_DIRECT_OBJC_ISA_USAGE = YES_ERROR;
				CLANG_WARN_DOCUMENTATION_COMMENTS = YES;
				CLANG_WARN_EMPTY_BODY = YES;
				CLANG_WARN_ENUM_CONVERSION = YES;
				CLANG_WARN_INFINITE_RECURSION = YES;
				CLANG_WARN_INT_CONVERSION = YES;
				CLANG_WARN_NON_LITERAL_NULL_CONVERSION = YES;
				CLANG_WARN_OBJC_IMPLICIT_RETAIN_SELF = YES;
				CLANG_WARN_OBJC_LITERAL_CONVERSION = YES;
				CLANG_WARN_OBJC_ROOT_CLASS = YES_ERROR;
				CLANG_WARN_QUOTED_INCLUDE_IN_FRAMEWORK_HEADER = YES;
				CLANG_WARN_RANGE_LOOP_ANALYSIS = YES;
				CLANG_WARN_STRICT_PROTOTYPES = YES;
				CLANG_WARN_SUSPICIOUS_MOVE = YES;
				CLANG_WARN_UNGUARDED_AVAILABILITY = YES_AGGRESSIVE;
				CLANG_WARN_UNREACHABLE_CODE = YES;
				CLANG_WARN__DUPLICATE_METHOD_MATCH = YES;
				COPY_PHASE_STRIP = NO;
				DEBUG_INFORMATION_FORMAT = dwarf;
				ENABLE_STRICT_OBJC_MSGSEND = YES;
				ENABLE_TESTABILITY = YES;
				GCC_C_LANGUAGE_STANDARD = gnu11;
				GCC_DYNAMIC_NO_PIC = NO;
				GCC_NO_COMMON_BLOCKS = YES;
				GCC_OPTIMIZATION_LEVEL = 0;
				GCC_PREPROCESSOR_DEFINITIONS = (
					"DEBUG=1",
					"$(inherited)",
				);
				GCC_WARN_64_TO_32_BIT_CONVERSION = YES;
				GCC_WARN_ABOUT_RETURN_TYPE = YES_ERROR;
				GCC_WARN_UNDECLARED_SELECTOR = YES;
				GCC_WARN_UNINITIALIZED_AUTOS = YES_AGGRESSIVE;
				GCC_WARN_UNUSED_FUNCTION = YES;
				GCC_WARN_UNUSED_VARIABLE = YES;
				MTL_ENABLE_DEBUG_INFO = INCLUDE_SOURCE;
				MTL_FAST_MATH = YES;
				ONLY_ACTIVE_ARCH = YES;
				SWIFT_ACTIVE_COMPILATION_CONDITIONS = DEBUG;
				SWIFT_OPTIMIZATION_LEVEL = "-Onone";
			};
			name = Debug;
		};
		992AFA8F29504B820019BF89 /* Release */ = {
			isa = XCBuildConfiguration;
			buildSettings = {
				ALWAYS_SEARCH_USER_PATHS = NO;
				CLANG_ANALYZER_NONNULL = YES;
				CLANG_ANALYZER_NUMBER_OBJECT_CONVERSION = YES_AGGRESSIVE;
				CLANG_CXX_LANGUAGE_STANDARD = "gnu++17";
				CLANG_ENABLE_MODULES = YES;
				CLANG_ENABLE_OBJC_ARC = YES;
				CLANG_ENABLE_OBJC_WEAK = YES;
				CLANG_WARN_BLOCK_CAPTURE_AUTORELEASING = YES;
				CLANG_WARN_BOOL_CONVERSION = YES;
				CLANG_WARN_COMMA = YES;
				CLANG_WARN_CONSTANT_CONVERSION = YES;
				CLANG_WARN_DEPRECATED_OBJC_IMPLEMENTATIONS = YES;
				CLANG_WARN_DIRECT_OBJC_ISA_USAGE = YES_ERROR;
				CLANG_WARN_DOCUMENTATION_COMMENTS = YES;
				CLANG_WARN_EMPTY_BODY = YES;
				CLANG_WARN_ENUM_CONVERSION = YES;
				CLANG_WARN_INFINITE_RECURSION = YES;
				CLANG_WARN_INT_CONVERSION = YES;
				CLANG_WARN_NON_LITERAL_NULL_CONVERSION = YES;
				CLANG_WARN_OBJC_IMPLICIT_RETAIN_SELF = YES;
				CLANG_WARN_OBJC_LITERAL_CONVERSION = YES;
				CLANG_WARN_OBJC_ROOT_CLASS = YES_ERROR;
				CLANG_WARN_QUOTED_INCLUDE_IN_FRAMEWORK_HEADER = YES;
				CLANG_WARN_RANGE_LOOP_ANALYSIS = YES;
				CLANG_WARN_STRICT_PROTOTYPES = YES;
				CLANG_WARN_SUSPICIOUS_MOVE = YES;
				CLANG_WARN_UNGUARDED_AVAILABILITY = YES_AGGRESSIVE;
				CLANG_WARN_UNREACHABLE_CODE = YES;
				CLANG_WARN__DUPLICATE_METHOD_MATCH = YES;
				COPY_PHASE_STRIP = NO;
				DEBUG_INFORMATION_FORMAT = "dwarf-with-dsym";
				ENABLE_NS_ASSERTIONS = NO;
				ENABLE_STRICT_OBJC_MSGSEND = YES;
				GCC_C_LANGUAGE_STANDARD = gnu11;
				GCC_NO_COMMON_BLOCKS = YES;
				GCC_WARN_64_TO_32_BIT_CONVERSION = YES;
				GCC_WARN_ABOUT_RETURN_TYPE = YES_ERROR;
				GCC_WARN_UNDECLARED_SELECTOR = YES;
				GCC_WARN_UNINITIALIZED_AUTOS = YES_AGGRESSIVE;
				GCC_WARN_UNUSED_FUNCTION = YES;
				GCC_WARN_UNUSED_VARIABLE = YES;
				MTL_ENABLE_DEBUG_INFO = NO;
				MTL_FAST_MATH = YES;
				SWIFT_COMPILATION_MODE = wholemodule;
				SWIFT_OPTIMIZATION_LEVEL = "-O";
			};
			name = Release;
		};
		992AFA9129504B820019BF89 /* Debug */ = {
			isa = XCBuildConfiguration;
			buildSettings = {
				ASSETCATALOG_COMPILER_APPICON_NAME = AppIcon;
				ASSETCATALOG_COMPILER_GLOBAL_ACCENT_COLOR_NAME = AccentColor;
				CODE_SIGN_STYLE = Automatic;
				CURRENT_PROJECT_VERSION = 1;
				DEVELOPMENT_TEAM = AACN8ZDL23;
				ENABLE_PREVIEWS = YES;
				GENERATE_INFOPLIST_FILE = YES;
				INFOPLIST_KEY_UIApplicationSceneManifest_Generation = YES;
				INFOPLIST_KEY_UIApplicationSupportsIndirectInputEvents = YES;
				INFOPLIST_KEY_UILaunchScreen_Generation = YES;
				INFOPLIST_KEY_UISupportedInterfaceOrientations_iPad = "UIInterfaceOrientationPortrait UIInterfaceOrientationPortraitUpsideDown UIInterfaceOrientationLandscapeLeft UIInterfaceOrientationLandscapeRight";
				INFOPLIST_KEY_UISupportedInterfaceOrientations_iPhone = "UIInterfaceOrientationPortrait UIInterfaceOrientationLandscapeLeft UIInterfaceOrientationLandscapeRight";
				IPHONEOS_DEPLOYMENT_TARGET = 15.5;
				LD_RUNPATH_SEARCH_PATHS = (
					"$(inherited)",
					"@executable_path/Frameworks",
				);
				MARKETING_VERSION = 1.0;
				PRODUCT_BUNDLE_IDENTIFIER = CurrencyExchangePayPay.PicFlix;
				PRODUCT_NAME = PicFlix;
				SDKROOT = iphoneos;
				SWIFT_EMIT_LOC_STRINGS = YES;
				SWIFT_VERSION = 5.0;
				TARGETED_DEVICE_FAMILY = "1,2";
			};
			name = Debug;
		};
		992AFA9229504B820019BF89 /* Release */ = {
			isa = XCBuildConfiguration;
			buildSettings = {
				ASSETCATALOG_COMPILER_APPICON_NAME = AppIcon;
				ASSETCATALOG_COMPILER_GLOBAL_ACCENT_COLOR_NAME = AccentColor;
				CODE_SIGN_STYLE = Automatic;
				CURRENT_PROJECT_VERSION = 1;
				DEVELOPMENT_TEAM = AACN8ZDL23;
				ENABLE_PREVIEWS = YES;
				GENERATE_INFOPLIST_FILE = YES;
				INFOPLIST_KEY_UIApplicationSceneManifest_Generation = YES;
				INFOPLIST_KEY_UIApplicationSupportsIndirectInputEvents = YES;
				INFOPLIST_KEY_UILaunchScreen_Generation = YES;
				INFOPLIST_KEY_UISupportedInterfaceOrientations_iPad = "UIInterfaceOrientationPortrait UIInterfaceOrientationPortraitUpsideDown UIInterfaceOrientationLandscapeLeft UIInterfaceOrientationLandscapeRight";
				INFOPLIST_KEY_UISupportedInterfaceOrientations_iPhone = "UIInterfaceOrientationPortrait UIInterfaceOrientationLandscapeLeft UIInterfaceOrientationLandscapeRight";
				IPHONEOS_DEPLOYMENT_TARGET = 15.5;
				LD_RUNPATH_SEARCH_PATHS = (
					"$(inherited)",
					"@executable_path/Frameworks",
				);
				MARKETING_VERSION = 1.0;
				PRODUCT_BUNDLE_IDENTIFIER = CurrencyExchangePayPay.PicFlix;
				PRODUCT_NAME = PicFlix;
				SDKROOT = iphoneos;
				SWIFT_EMIT_LOC_STRINGS = YES;
				SWIFT_VERSION = 5.0;
				TARGETED_DEVICE_FAMILY = "1,2";
				VALIDATE_PRODUCT = YES;
			};
			name = Release;
		};
		992AFA9429504B820019BF89 /* Debug */ = {
			isa = XCBuildConfiguration;
			buildSettings = {
				ASSETCATALOG_COMPILER_APPICON_NAME = AppIcon;
				ASSETCATALOG_COMPILER_GLOBAL_ACCENT_COLOR_NAME = AccentColor;
				CODE_SIGN_ENTITLEMENTS = macOS/macOS.entitlements;
				CODE_SIGN_STYLE = Automatic;
				COMBINE_HIDPI_IMAGES = YES;
				CURRENT_PROJECT_VERSION = 1;
				DEVELOPMENT_TEAM = AACN8ZDL23;
				ENABLE_HARDENED_RUNTIME = YES;
				ENABLE_PREVIEWS = YES;
				GENERATE_INFOPLIST_FILE = YES;
				INFOPLIST_KEY_NSHumanReadableCopyright = "";
				LD_RUNPATH_SEARCH_PATHS = (
					"$(inherited)",
					"@executable_path/../Frameworks",
				);
				MACOSX_DEPLOYMENT_TARGET = 12.3;
				MARKETING_VERSION = 1.0;
				PRODUCT_BUNDLE_IDENTIFIER = CurrencyExchangePayPay.PicFlix;
				PRODUCT_NAME = PicFlix;
				SDKROOT = macosx;
				SWIFT_EMIT_LOC_STRINGS = YES;
				SWIFT_VERSION = 5.0;
			};
			name = Debug;
		};
		992AFA9529504B820019BF89 /* Release */ = {
			isa = XCBuildConfiguration;
			buildSettings = {
				ASSETCATALOG_COMPILER_APPICON_NAME = AppIcon;
				ASSETCATALOG_COMPILER_GLOBAL_ACCENT_COLOR_NAME = AccentColor;
				CODE_SIGN_ENTITLEMENTS = macOS/macOS.entitlements;
				CODE_SIGN_STYLE = Automatic;
				COMBINE_HIDPI_IMAGES = YES;
				CURRENT_PROJECT_VERSION = 1;
				DEVELOPMENT_TEAM = AACN8ZDL23;
				ENABLE_HARDENED_RUNTIME = YES;
				ENABLE_PREVIEWS = YES;
				GENERATE_INFOPLIST_FILE = YES;
				INFOPLIST_KEY_NSHumanReadableCopyright = "";
				LD_RUNPATH_SEARCH_PATHS = (
					"$(inherited)",
					"@executable_path/../Frameworks",
				);
				MACOSX_DEPLOYMENT_TARGET = 12.3;
				MARKETING_VERSION = 1.0;
				PRODUCT_BUNDLE_IDENTIFIER = CurrencyExchangePayPay.PicFlix;
				PRODUCT_NAME = PicFlix;
				SDKROOT = macosx;
				SWIFT_EMIT_LOC_STRINGS = YES;
				SWIFT_VERSION = 5.0;
			};
			name = Release;
		};
		992AFA9729504B820019BF89 /* Debug */ = {
			isa = XCBuildConfiguration;
			buildSettings = {
				ALWAYS_EMBED_SWIFT_STANDARD_LIBRARIES = YES;
				CODE_SIGN_STYLE = Automatic;
				CURRENT_PROJECT_VERSION = 1;
				DEVELOPMENT_TEAM = AACN8ZDL23;
				GENERATE_INFOPLIST_FILE = YES;
				IPHONEOS_DEPLOYMENT_TARGET = 15.5;
				MARKETING_VERSION = 1.0;
				PRODUCT_BUNDLE_IDENTIFIER = "CurrencyExchangePayPay.Tests-iOS";
				PRODUCT_NAME = "$(TARGET_NAME)";
				SDKROOT = iphoneos;
				SWIFT_EMIT_LOC_STRINGS = NO;
				SWIFT_VERSION = 5.0;
				TARGETED_DEVICE_FAMILY = "1,2";
				TEST_TARGET_NAME = "PicFlix (iOS)";
			};
			name = Debug;
		};
		992AFA9829504B820019BF89 /* Release */ = {
			isa = XCBuildConfiguration;
			buildSettings = {
				ALWAYS_EMBED_SWIFT_STANDARD_LIBRARIES = YES;
				CODE_SIGN_STYLE = Automatic;
				CURRENT_PROJECT_VERSION = 1;
				DEVELOPMENT_TEAM = AACN8ZDL23;
				GENERATE_INFOPLIST_FILE = YES;
				IPHONEOS_DEPLOYMENT_TARGET = 15.5;
				MARKETING_VERSION = 1.0;
				PRODUCT_BUNDLE_IDENTIFIER = "CurrencyExchangePayPay.Tests-iOS";
				PRODUCT_NAME = "$(TARGET_NAME)";
				SDKROOT = iphoneos;
				SWIFT_EMIT_LOC_STRINGS = NO;
				SWIFT_VERSION = 5.0;
				TARGETED_DEVICE_FAMILY = "1,2";
				TEST_TARGET_NAME = "PicFlix (iOS)";
				VALIDATE_PRODUCT = YES;
			};
			name = Release;
		};
		992AFA9A29504B820019BF89 /* Debug */ = {
			isa = XCBuildConfiguration;
			buildSettings = {
				ALWAYS_EMBED_SWIFT_STANDARD_LIBRARIES = YES;
				CODE_SIGN_STYLE = Automatic;
				CURRENT_PROJECT_VERSION = 1;
				DEVELOPMENT_TEAM = AACN8ZDL23;
				GENERATE_INFOPLIST_FILE = YES;
				MACOSX_DEPLOYMENT_TARGET = 12.3;
				MARKETING_VERSION = 1.0;
				PRODUCT_BUNDLE_IDENTIFIER = "CurrencyExchangePayPay.Tests-macOS";
				PRODUCT_NAME = "$(TARGET_NAME)";
				SDKROOT = macosx;
				SWIFT_EMIT_LOC_STRINGS = NO;
				SWIFT_VERSION = 5.0;
				TEST_TARGET_NAME = "PicFlix (macOS)";
			};
			name = Debug;
		};
		992AFA9B29504B820019BF89 /* Release */ = {
			isa = XCBuildConfiguration;
			buildSettings = {
				ALWAYS_EMBED_SWIFT_STANDARD_LIBRARIES = YES;
				CODE_SIGN_STYLE = Automatic;
				CURRENT_PROJECT_VERSION = 1;
				DEVELOPMENT_TEAM = AACN8ZDL23;
				GENERATE_INFOPLIST_FILE = YES;
				MACOSX_DEPLOYMENT_TARGET = 12.3;
				MARKETING_VERSION = 1.0;
				PRODUCT_BUNDLE_IDENTIFIER = "CurrencyExchangePayPay.Tests-macOS";
				PRODUCT_NAME = "$(TARGET_NAME)";
				SDKROOT = macosx;
				SWIFT_EMIT_LOC_STRINGS = NO;
				SWIFT_VERSION = 5.0;
				TEST_TARGET_NAME = "PicFlix (macOS)";
			};
			name = Release;
		};
/* End XCBuildConfiguration section */

/* Begin XCConfigurationList section */
		992AFA5E29504B800019BF89 /* Build configuration list for PBXProject "PicFlix" */ = {
			isa = XCConfigurationList;
			buildConfigurations = (
				992AFA8E29504B820019BF89 /* Debug */,
				992AFA8F29504B820019BF89 /* Release */,
			);
			defaultConfigurationIsVisible = 0;
			defaultConfigurationName = Release;
		};
		992AFA9029504B820019BF89 /* Build configuration list for PBXNativeTarget "PicFlix (iOS)" */ = {
			isa = XCConfigurationList;
			buildConfigurations = (
				992AFA9129504B820019BF89 /* Debug */,
				992AFA9229504B820019BF89 /* Release */,
			);
			defaultConfigurationIsVisible = 0;
			defaultConfigurationName = Release;
		};
		992AFA9329504B820019BF89 /* Build configuration list for PBXNativeTarget "PicFlix (macOS)" */ = {
			isa = XCConfigurationList;
			buildConfigurations = (
				992AFA9429504B820019BF89 /* Debug */,
				992AFA9529504B820019BF89 /* Release */,
			);
			defaultConfigurationIsVisible = 0;
			defaultConfigurationName = Release;
		};
		992AFA9629504B820019BF89 /* Build configuration list for PBXNativeTarget "Tests iOS" */ = {
			isa = XCConfigurationList;
			buildConfigurations = (
				992AFA9729504B820019BF89 /* Debug */,
				992AFA9829504B820019BF89 /* Release */,
			);
			defaultConfigurationIsVisible = 0;
			defaultConfigurationName = Release;
		};
		992AFA9929504B820019BF89 /* Build configuration list for PBXNativeTarget "Tests macOS" */ = {
			isa = XCConfigurationList;
			buildConfigurations = (
				992AFA9A29504B820019BF89 /* Debug */,
				992AFA9B29504B820019BF89 /* Release */,
			);
			defaultConfigurationIsVisible = 0;
			defaultConfigurationName = Release;
		};
/* End XCConfigurationList section */
	};
	rootObject = 992AFA5B29504B800019BF89 /* Project object */;
}
